
Microsoft Visual Studio Solution File, Format Version 12.00
# Visual Studio 14
VisualStudioVersion = 14.0.25420.1
MinimumVisualStudioVersion = 10.0.40219.1
Project("{0199AD28-2342-40DA-9005-191241709AC5}") = "SpcLibcurlSample", "SpcLibcurlSample\SpcLibcurlSample.palproj", "{E7048B67-3F66-4384-BFE0-038236F51E26}"
EndProject
Project("{0199AD28-2342-40DA-9005-191241709AC5}") = "SpcPocoConfigurationSample", "SpcPocoConfigurationSample\SpcPocoConfigurationSample.palproj", "{1F7D0908-26FC-4F26-AAD8-AE402030B181}"
EndProject
Project("{0199AD28-2342-40DA-9005-191241709AC5}") = "SpcDisplayCharaSample", "SpcDisplayCharaSample\SpcDisplayCharaSample.palproj", "{343875B8-3AC7-4310-8B5D-AE2814CF1273}"
EndProject
Project("{0199AD28-2342-40DA-9005-191241709AC5}") = "SpcFeelingSample", "SpcFeelingSample\SpcFeelingSample.palproj", "{6FF7C1A9-E839-4B23-B56A-0BFC2F552617}"
EndProject
Project("{0199AD28-2342-40DA-9005-191241709AC5}") = "SpeakTagSample", "SpeakTagSample\SpeakTagSample.palproj", "{9A593F82-C716-48CA-A974-85039C9BA239}"
EndProject
Global
	GlobalSection(SolutionConfigurationPlatforms) = preSolution
		Debug|x86 = Debug|x86
		Release|x86 = Release|x86
	EndGlobalSection
	GlobalSection(ProjectConfigurationPlatforms) = postSolution
		{E7048B67-3F66-4384-BFE0-038236F51E26}.Debug|x86.ActiveCfg = Debug|x86
		{E7048B67-3F66-4384-BFE0-038236F51E26}.Debug|x86.Build.0 = Debug|x86
		{E7048B67-3F66-4384-BFE0-038236F51E26}.Release|x86.ActiveCfg = Release|x86
		{E7048B67-3F66-4384-BFE0-038236F51E26}.Release|x86.Build.0 = Release|x86
		{1F7D0908-26FC-4F26-AAD8-AE402030B181}.Debug|x86.ActiveCfg = Debug|x86
		{1F7D0908-26FC-4F26-AAD8-AE402030B181}.Debug|x86.Build.0 = Debug|x86
		{1F7D0908-26FC-4F26-AAD8-AE402030B181}.Release|x86.ActiveCfg = Release|x86
		{1F7D0908-26FC-4F26-AAD8-AE402030B181}.Release|x86.Build.0 = Release|x86
		{343875B8-3AC7-4310-8B5D-AE2814CF1273}.Debug|x86.ActiveCfg = Debug|x86
		{343875B8-3AC7-4310-8B5D-AE2814CF1273}.Debug|x86.Build.0 = Debug|x86
		{343875B8-3AC7-4310-8B5D-AE2814CF1273}.Release|x86.ActiveCfg = Release|x86
		{343875B8-3AC7-4310-8B5D-AE2814CF1273}.Release|x86.Build.0 = Release|x86
		{6FF7C1A9-E839-4B23-B56A-0BFC2F552617}.Debug|x86.ActiveCfg = Debug|x86
		{6FF7C1A9-E839-4B23-B56A-0BFC2F552617}.Debug|x86.Build.0 = Debug|x86
		{6FF7C1A9-E839-4B23-B56A-0BFC2F552617}.Release|x86.ActiveCfg = Release|x86
		{6FF7C1A9-E839-4B23-B56A-0BFC2F552617}.Release|x86.Build.0 = Release|x86
		{9A593F82-C716-48CA-A974-85039C9BA239}.Debug|x86.ActiveCfg = Debug|x86
		{9A593F82-C716-48CA-A974-85039C9BA239}.Debug|x86.Build.0 = Debug|x86
		{9A593F82-C716-48CA-A974-85039C9BA239}.Release|x86.ActiveCfg = Release|x86
		{9A593F82-C716-48CA-A974-85039C9BA239}.Release|x86.Build.0 = Release|x86
	EndGlobalSection
	GlobalSection(SolutionProperties) = preSolution
		HideSolutionNode = FALSE
	EndGlobalSection
EndGlobal
